
Microsoft Visual Studio Solution File, Format Version 12.00
# Visual Studio Version 16
VisualStudioVersion = 16.0.29728.190
MinimumVisualStudioVersion = 10.0.40219.1
Project("{FAE04EC0-301F-11D3-BF4B-00C04F79EFBC}") = "FirstUWPApp", "FirstUWPApp\FirstUWPApp.csproj", "{2E544D11-FC77-4556-89E3-EB0682860388}"
EndProject
Project("{FAE04EC0-301F-11D3-BF4B-00C04F79EFBC}") = "Commands", "Commands\Commands.csproj", "{805B0245-BEE7-4530-9D85-9E635630E2FD}"
EndProject
Project("{FAE04EC0-301F-11D3-BF4B-00C04F79EFBC}") = "Converters", "Converters\Converters.csproj", "{7E5AD210-1074-438D-9D10-D71714397E4B}"
EndProject
Project("{FAE04EC0-301F-11D3-BF4B-00C04F79EFBC}") = "ListBinding", "ListBinding\ListBinding.csproj", "{E112725D-BDAD-4FB3-9D0C-CAF198FFA438}"
EndProject
Project("{FAE04EC0-301F-11D3-BF4B-00C04F79EFBC}") = "TemplateSelector", "TemplateSelector\TemplateSelector.csproj", "{3AD968CF-7A09-4151-8012-85646A8CC459}"
EndProject
Global
	GlobalSection(SolutionConfigurationPlatforms) = preSolution
		Debug|ARM = Debug|ARM
		Debug|ARM64 = Debug|ARM64
		Debug|x64 = Debug|x64
		Debug|x86 = Debug|x86
		Release|ARM = Release|ARM
		Release|ARM64 = Release|ARM64
		Release|x64 = Release|x64
		Release|x86 = Release|x86
	EndGlobalSection
	GlobalSection(ProjectConfigurationPlatforms) = postSolution
		{2E544D11-FC77-4556-89E3-EB0682860388}.Debug|ARM.ActiveCfg = Debug|ARM
		{2E544D11-FC77-4556-89E3-EB0682860388}.Debug|ARM.Build.0 = Debug|ARM
		{2E544D11-FC77-4556-89E3-EB0682860388}.Debug|ARM.Deploy.0 = Debug|ARM
		{2E544D11-FC77-4556-89E3-EB0682860388}.Debug|ARM64.ActiveCfg = Debug|ARM64
		{2E544D11-FC77-4556-89E3-EB0682860388}.Debug|ARM64.Build.0 = Debug|ARM64
		{2E544D11-FC77-4556-89E3-EB0682860388}.Debug|ARM64.Deploy.0 = Debug|ARM64
		{2E544D11-FC77-4556-89E3-EB0682860388}.Debug|x64.ActiveCfg = Debug|x64
		{2E544D11-FC77-4556-89E3-EB0682860388}.Debug|x64.Build.0 = Debug|x64
		{2E544D11-FC77-4556-89E3-EB0682860388}.Debug|x64.Deploy.0 = Debug|x64
		{2E544D11-FC77-4556-89E3-EB0682860388}.Debug|x86.ActiveCfg = Debug|x86
		{2E544D11-FC77-4556-89E3-EB0682860388}.Debug|x86.Build.0 = Debug|x86
		{2E544D11-FC77-4556-89E3-EB0682860388}.Debug|x86.Deploy.0 = Debug|x86
		{2E544D11-FC77-4556-89E3-EB0682860388}.Release|ARM.ActiveCfg = Release|ARM
		{2E544D11-FC77-4556-89E3-EB0682860388}.Release|ARM.Build.0 = Release|ARM
		{2E544D11-FC77-4556-89E3-EB0682860388}.Release|ARM.Deploy.0 = Release|ARM
		{2E544D11-FC77-4556-89E3-EB0682860388}.Release|ARM64.ActiveCfg = Release|ARM64
		{2E544D11-FC77-4556-89E3-EB0682860388}.Release|ARM64.Build.0 = Release|ARM64
		{2E544D11-FC77-4556-89E3-EB0682860388}.Release|ARM64.Deploy.0 = Release|ARM64
		{2E544D11-FC77-4556-89E3-EB0682860388}.Release|x64.ActiveCfg = Release|x64
		{2E544D11-FC77-4556-89E3-EB0682860388}.Release|x64.Build.0 = Release|x64
		{2E544D11-FC77-4556-89E3-EB0682860388}.Release|x64.Deploy.0 = Release|x64
		{2E544D11-FC77-4556-89E3-EB0682860388}.Release|x86.ActiveCfg = Release|x86
		{2E544D11-FC77-4556-89E3-EB0682860388}.Release|x86.Build.0 = Release|x86
		{2E544D11-FC77-4556-89E3-EB0682860388}.Release|x86.Deploy.0 = Release|x86
		{805B0245-BEE7-4530-9D85-9E635630E2FD}.Debug|ARM.ActiveCfg = Debug|ARM
		{805B0245-BEE7-4530-9D85-9E635630E2FD}.Debug|ARM.Build.0 = Debug|ARM
		{805B0245-BEE7-4530-9D85-9E635630E2FD}.Debug|ARM.Deploy.0 = Debug|ARM
		{805B0245-BEE7-4530-9D85-9E635630E2FD}.Debug|ARM64.ActiveCfg = Debug|ARM64
		{805B0245-BEE7-4530-9D85-9E635630E2FD}.Debug|ARM64.Build.0 = Debug|ARM64
		{805B0245-BEE7-4530-9D85-9E635630E2FD}.Debug|ARM64.Deploy.0 = Debug|ARM64
		{805B0245-BEE7-4530-9D85-9E635630E2FD}.Debug|x64.ActiveCfg = Debug|x64
		{805B0245-BEE7-4530-9D85-9E635630E2FD}.Debug|x64.Build.0 = Debug|x64
		{805B0245-BEE7-4530-9D85-9E635630E2FD}.Debug|x64.Deploy.0 = Debug|x64
		{805B0245-BEE7-4530-9D85-9E635630E2FD}.Debug|x86.ActiveCfg = Debug|x86
		{805B0245-BEE7-4530-9D85-9E635630E2FD}.Debug|x86.Build.0 = Debug|x86
		{805B0245-BEE7-4530-9D85-9E635630E2FD}.Debug|x86.Deploy.0 = Debug|x86
		{805B0245-BEE7-4530-9D85-9E635630E2FD}.Release|ARM.ActiveCfg = Release|ARM
		{805B0245-BEE7-4530-9D85-9E635630E2FD}.Release|ARM.Build.0 = Release|ARM
		{805B0245-BEE7-4530-9D85-9E635630E2FD}.Release|ARM.Deploy.0 = Release|ARM
		{805B0245-BEE7-4530-9D85-9E635630E2FD}.Release|ARM64.ActiveCfg = Release|ARM64
		{805B0245-BEE7-4530-9D85-9E635630E2FD}.Release|ARM64.Build.0 = Release|ARM64
		{805B0245-BEE7-4530-9D85-9E635630E2FD}.Release|ARM64.Deploy.0 = Release|ARM64
		{805B0245-BEE7-4530-9D85-9E635630E2FD}.Release|x64.ActiveCfg = Release|x64
		{805B0245-BEE7-4530-9D85-9E635630E2FD}.Release|x64.Build.0 = Release|x64
		{805B0245-BEE7-4530-9D85-9E635630E2FD}.Release|x64.Deploy.0 = Release|x64
		{805B0245-BEE7-4530-9D85-9E635630E2FD}.Release|x86.ActiveCfg = Release|x86
		{805B0245-BEE7-4530-9D85-9E635630E2FD}.Release|x86.Build.0 = Release|x86
		{805B0245-BEE7-4530-9D85-9E635630E2FD}.Release|x86.Deploy.0 = Release|x86
		{7E5AD210-1074-438D-9D10-D71714397E4B}.Debug|ARM.ActiveCfg = Debug|ARM
		{7E5AD210-1074-438D-9D10-D71714397E4B}.Debug|ARM.Build.0 = Debug|ARM
		{7E5AD210-1074-438D-9D10-D71714397E4B}.Debug|ARM.Deploy.0 = Debug|ARM
		{7E5AD210-1074-438D-9D10-D71714397E4B}.Debug|ARM64.ActiveCfg = Debug|ARM64
		{7E5AD210-1074-438D-9D10-D71714397E4B}.Debug|ARM64.Build.0 = Debug|ARM64
		{7E5AD210-1074-438D-9D10-D71714397E4B}.Debug|ARM64.Deploy.0 = Debug|ARM64
		{7E5AD210-1074-438D-9D10-D71714397E4B}.Debug|x64.ActiveCfg = Debug|x64
		{7E5AD210-1074-438D-9D10-D71714397E4B}.Debug|x64.Build.0 = Debug|x64
		{7E5AD210-1074-438D-9D10-D71714397E4B}.Debug|x64.Deploy.0 = Debug|x64
		{7E5AD210-1074-438D-9D10-D71714397E4B}.Debug|x86.ActiveCfg = Debug|x86
		{7E5AD210-1074-438D-9D10-D71714397E4B}.Debug|x86.Build.0 = Debug|x86
		{7E5AD210-1074-438D-9D10-D71714397E4B}.Debug|x86.Deploy.0 = Debug|x86
		{7E5AD210-1074-438D-9D10-D71714397E4B}.Release|ARM.ActiveCfg = Release|ARM
		{7E5AD210-1074-438D-9D10-D71714397E4B}.Release|ARM.Build.0 = Release|ARM
		{7E5AD210-1074-438D-9D10-D71714397E4B}.Release|ARM.Deploy.0 = Release|ARM
		{7E5AD210-1074-438D-9D10-D71714397E4B}.Release|ARM64.ActiveCfg = Release|ARM64
		{7E5AD210-1074-438D-9D10-D71714397E4B}.Release|ARM64.Build.0 = Release|ARM64
		{7E5AD210-1074-438D-9D10-D71714397E4B}.Release|ARM64.Deploy.0 = Release|ARM64
		{7E5AD210-1074-438D-9D10-D71714397E4B}.Release|x64.ActiveCfg = Release|x64
		{7E5AD210-1074-438D-9D10-D71714397E4B}.Release|x64.Build.0 = Release|x64
		{7E5AD210-1074-438D-9D10-D71714397E4B}.Release|x64.Deploy.0 = Release|x64
		{7E5AD210-1074-438D-9D10-D71714397E4B}.Release|x86.ActiveCfg = Release|x86
		{7E5AD210-1074-438D-9D10-D71714397E4B}.Release|x86.Build.0 = Release|x86
		{7E5AD210-1074-438D-9D10-D71714397E4B}.Release|x86.Deploy.0 = Release|x86
		{E112725D-BDAD-4FB3-9D0C-CAF198FFA438}.Debug|ARM.ActiveCfg = Debug|ARM
		{E112725D-BDAD-4FB3-9D0C-CAF198FFA438}.Debug|ARM.Build.0 = Debug|ARM
		{E112725D-BDAD-4FB3-9D0C-CAF198FFA438}.Debug|ARM.Deploy.0 = Debug|ARM
		{E112725D-BDAD-4FB3-9D0C-CAF198FFA438}.Debug|ARM64.ActiveCfg = Debug|ARM64
		{E112725D-BDAD-4FB3-9D0C-CAF198FFA438}.Debug|ARM64.Build.0 = Debug|ARM64
		{E112725D-BDAD-4FB3-9D0C-CAF198FFA438}.Debug|ARM64.Deploy.0 = Debug|ARM64
		{E112725D-BDAD-4FB3-9D0C-CAF198FFA438}.Debug|x64.ActiveCfg = Debug|x64
		{E112725D-BDAD-4FB3-9D0C-CAF198FFA438}.Debug|x64.Build.0 = Debug|x64
		{E112725D-BDAD-4FB3-9D0C-CAF198FFA438}.Debug|x64.Deploy.0 = Debug|x64
		{E112725D-BDAD-4FB3-9D0C-CAF198FFA438}.Debug|x86.ActiveCfg = Debug|x86
		{E112725D-BDAD-4FB3-9D0C-CAF198FFA438}.Debug|x86.Build.0 = Debug|x86
		{E112725D-BDAD-4FB3-9D0C-CAF198FFA438}.Debug|x86.Deploy.0 = Debug|x86
		{E112725D-BDAD-4FB3-9D0C-CAF198FFA438}.Release|ARM.ActiveCfg = Release|ARM
		{E112725D-BDAD-4FB3-9D0C-CAF198FFA438}.Release|ARM.Build.0 = Release|ARM
		{E112725D-BDAD-4FB3-9D0C-CAF198FFA438}.Release|ARM.Deploy.0 = Release|ARM
		{E112725D-BDAD-4FB3-9D0C-CAF198FFA438}.Release|ARM64.ActiveCfg = Release|ARM64
		{E112725D-BDAD-4FB3-9D0C-CAF198FFA438}.Release|ARM64.Build.0 = Release|ARM64
		{E112725D-BDAD-4FB3-9D0C-CAF198FFA438}.Release|ARM64.Deploy.0 = Release|ARM64
		{E112725D-BDAD-4FB3-9D0C-CAF198FFA438}.Release|x64.ActiveCfg = Release|x64
		{E112725D-BDAD-4FB3-9D0C-CAF198FFA438}.Release|x64.Build.0 = Release|x64
		{E112725D-BDAD-4FB3-9D0C-CAF198FFA438}.Release|x64.Deploy.0 = Release|x64
		{E112725D-BDAD-4FB3-9D0C-CAF198FFA438}.Release|x86.ActiveCfg = Release|x86
		{E112725D-BDAD-4FB3-9D0C-CAF198FFA438}.Release|x86.Build.0 = Release|x86
		{E112725D-BDAD-4FB3-9D0C-CAF198FFA438}.Release|x86.Deploy.0 = Release|x86
		{3AD968CF-7A09-4151-8012-85646A8CC459}.Debug|ARM.ActiveCfg = Debug|ARM
		{3AD968CF-7A09-4151-8012-85646A8CC459}.Debug|ARM.Build.0 = Debug|ARM
		{3AD968CF-7A09-4151-8012-85646A8CC459}.Debug|ARM.Deploy.0 = Debug|ARM
		{3AD968CF-7A09-4151-8012-85646A8CC459}.Debug|ARM64.ActiveCfg = Debug|ARM64
		{3AD968CF-7A09-4151-8012-85646A8CC459}.Debug|ARM64.Build.0 = Debug|ARM64
		{3AD968CF-7A09-4151-8012-85646A8CC459}.Debug|ARM64.Deploy.0 = Debug|ARM64
		{3AD968CF-7A09-4151-8012-85646A8CC459}.Debug|x64.ActiveCfg = Debug|x64
		{3AD968CF-7A09-4151-8012-85646A8CC459}.Debug|x64.Build.0 = Debug|x64
		{3AD968CF-7A09-4151-8012-85646A8CC459}.Debug|x64.Deploy.0 = Debug|x64
		{3AD968CF-7A09-4151-8012-85646A8CC459}.Debug|x86.ActiveCfg = Debug|x86
		{3AD968CF-7A09-4151-8012-85646A8CC459}.Debug|x86.Build.0 = Debug|x86
		{3AD968CF-7A09-4151-8012-85646A8CC459}.Debug|x86.Deploy.0 = Debug|x86
		{3AD968CF-7A09-4151-8012-85646A8CC459}.Release|ARM.ActiveCfg = Release|ARM
		{3AD968CF-7A09-4151-8012-85646A8CC459}.Release|ARM.Build.0 = Release|ARM
		{3AD968CF-7A09-4151-8012-85646A8CC459}.Release|ARM.Deploy.0 = Release|ARM
		{3AD968CF-7A09-4151-8012-85646A8CC459}.Release|ARM64.ActiveCfg = Release|ARM64
		{3AD968CF-7A09-4151-8012-85646A8CC459}.Release|ARM64.Build.0 = Release|ARM64
		{3AD968CF-7A09-4151-8012-85646A8CC459}.Release|ARM64.Deploy.0 = Release|ARM64
		{3AD968CF-7A09-4151-8012-85646A8CC459}.Release|x64.ActiveCfg = Release|x64
		{3AD968CF-7A09-4151-8012-85646A8CC459}.Release|x64.Build.0 = Release|x64
		{3AD968CF-7A09-4151-8012-85646A8CC459}.Release|x64.Deploy.0 = Release|x64
		{3AD968CF-7A09-4151-8012-85646A8CC459}.Release|x86.ActiveCfg = Release|x86
		{3AD968CF-7A09-4151-8012-85646A8CC459}.Release|x86.Build.0 = Release|x86
		{3AD968CF-7A09-4151-8012-85646A8CC459}.Release|x86.Deploy.0 = Release|x86
	EndGlobalSection
	GlobalSection(SolutionProperties) = preSolution
		HideSolutionNode = FALSE
	EndGlobalSection
	GlobalSection(ExtensibilityGlobals) = postSolution
		SolutionGuid = {0D09FE7A-C1E7-4698-90A4-812D5BB0C17D}
	EndGlobalSection
EndGlobal
